// !$*UTF8*$!
{
	archiveVersion = 1;
	classes = {
	};
	objectVersion = 46;
	objects = {

/* Begin PBXBuildFile section */
		44BFDAD01C333F7000C757FF /* AppDelegate.swift in Sources */ = {isa = PBXBuildFile; fileRef = 44BFDACF1C333F7000C757FF /* AppDelegate.swift */; };
		44BFDAD21C333F7000C757FF /* ViewController.swift in Sources */ = {isa = PBXBuildFile; fileRef = 44BFDAD11C333F7000C757FF /* ViewController.swift */; };
		44BFDAD51C333F7000C757FF /* Main.storyboard in Resources */ = {isa = PBXBuildFile; fileRef = 44BFDAD31C333F7000C757FF /* Main.storyboard */; };
		44BFDAD71C333F7000C757FF /* Assets.xcassets in Resources */ = {isa = PBXBuildFile; fileRef = 44BFDAD61C333F7000C757FF /* Assets.xcassets */; };
		44BFDADA1C333F7000C757FF /* LaunchScreen.storyboard in Resources */ = {isa = PBXBuildFile; fileRef = 44BFDAD81C333F7000C757FF /* LaunchScreen.storyboard */; };
		44BFDAE61C3351F000C757FF /* ThirdViewController.swift in Sources */ = {isa = PBXBuildFile; fileRef = 44BFDAE51C3351F000C757FF /* ThirdViewController.swift */; };
		44FA135B1C34C71E00989522 /* SecondViewController.swift in Sources */ = {isa = PBXBuildFile; fileRef = 44FA135A1C34C71E00989522 /* SecondViewController.swift */; };
/* End PBXBuildFile section */

/* Begin PBXFileReference section */
		44BFDACC1C333F7000C757FF /* assignment3.app */ = {isa = PBXFileReference; explicitFileType = wrapper.application; includeInIndex = 0; path = assignment3.app; sourceTree = BUILT_PRODUCTS_DIR; };
		44BFDACF1C333F7000C757FF /* AppDelegate.swift */ = {isa = PBXFileReference; lastKnownFileType = sourcecode.swift; path = AppDelegate.swift; sourceTree = "<group>"; };
		44BFDAD11C333F7000C757FF /* ViewController.swift */ = {isa = PBXFileReference; lastKnownFileType = sourcecode.swift; path = ViewController.swift; sourceTree = "<group>"; };
		44BFDAD41C333F7000C757FF /* Base */ = {isa = PBXFileReference; lastKnownFileType = file.storyboard; name = Base; path = Base.lproj/Main.storyboard; sourceTree = "<group>"; };
		44BFDAD61C333F7000C757FF /* Assets.xcassets */ = {isa = PBXFileReference; lastKnownFileType = folder.assetcatalog; path = Assets.xcassets; sourceTree = "<group>"; };
		44BFDAD91C333F7000C757FF /* Base */ = {isa = PBXFileReference; lastKnownFileType = file.storyboard; name = Base; path = Base.lproj/LaunchScreen.storyboard; sourceTree = "<group>"; };
		44BFDADB1C333F7000C757FF /* Info.plist */ = {isa = PBXFileReference; lastKnownFileType = text.plist.xml; path = Info.plist; sourceTree = "<group>"; };
		44BFDAE51C3351F000C757FF /* ThirdViewController.swift */ = {isa = PBXFileReference; fileEncoding = 4; lastKnownFileType = sourcecode.swift; path = ThirdViewController.swift; sourceTree = "<group>"; };
		44FA135A1C34C71E00989522 /* SecondViewController.swift */ = {isa = PBXFileReference; fileEncoding = 4; lastKnownFileType = sourcecode.swift; name = SecondViewController.swift; path = ../SecondViewController.swift; sourceTree = "<group>"; };
/* End PBXFileReference section */

/* Begin PBXFrameworksBuildPhase section */
		44BFDAC91C333F7000C757FF /* Frameworks */ = {
			isa = PBXFrameworksBuildPhase;
			buildActionMask = 2147483647;
			files = (
			);
			runOnlyForDeploymentPostprocessing = 0;
		};
/* End PBXFrameworksBuildPhase section */

/* Begin PBXGroup section */
		44BFDAC31C333F7000C757FF = {
			isa = PBXGroup;
			children = (
				44BFDACE1C333F7000C757FF /* assignment3 */,
				44BFDACD1C333F7000C757FF /* Products */,
			);
			sourceTree = "<group>";
		};
		44BFDACD1C333F7000C757FF /* Products */ = {
			isa = PBXGroup;
			children = (
				44BFDACC1C333F7000C757FF /* assignment3.app */,
			);
			name = Products;
			sourceTree = "<group>";
		};
		44BFDACE1C333F7000C757FF /* assignment3 */ = {
			isa = PBXGroup;
			children = (
				44BFDACF1C333F7000C757FF /* AppDelegate.swift */,
				44BFDAD11C333F7000C757FF /* ViewController.swift */,
				44FA135A1C34C71E00989522 /* SecondViewController.swift */,
				44BFDAE51C3351F000C757FF /* ThirdViewController.swift */,
				44BFDAD31C333F7000C757FF /* Main.storyboard */,
				44BFDAD61C333F7000C757FF /* Assets.xcassets */,
				44BFDAD81C333F7000C757FF /* LaunchScreen.storyboard */,
				44BFDADB1C333F7000C757FF /* Info.plist */,
			);
			path = assignment3;
			sourceTree = "<group>";
		};
/* End PBXGroup section */

/* Begin PBXNativeTarget section */
		44BFDACB1C333F7000C757FF /* assignment3 */ = {
			isa = PBXNativeTarget;
			buildConfigurationList = 44BFDADE1C333F7000C757FF /* Build configuration list for PBXNativeTarget "assignment3" */;
			buildPhases = (
				44BFDAC81C333F7000C757FF /* Sources */,
				44BFDAC91C333F7000C757FF /* Frameworks */,
				44BFDACA1C333F7000C757FF /* Resources */,
			);
			buildRules = (
			);
			dependencies = (
			);
			name = assignment3;
			productName = assignment3;
			productReference = 44BFDACC1C333F7000C757FF /* assignment3.app */;
			productType = "com.apple.product-type.application";
		};
/* End PBXNativeTarget section */

/* Begin PBXProject section */
		44BFDAC41C333F7000C757FF /* Project object */ = {
			isa = PBXProject;
			attributes = {
				LastSwiftUpdateCheck = 0720;
				LastUpgradeCheck = 0720;
				ORGANIZATIONNAME = "Apoorva Moodbidri";
				TargetAttributes = {
					44BFDACB1C333F7000C757FF = {
						CreatedOnToolsVersion = 7.2;
					};
				};
			};
			buildConfigurationList = 44BFDAC71C333F7000C757FF /* Build configuration list for PBXProject "assignment3" */;
			compatibilityVersion = "Xcode 3.2";
			developmentRegion = English;
			hasScannedForEncodings = 0;
			knownRegions = (
				en,
				Base,
			);
			mainGroup = 44BFDAC31C333F7000C757FF;
			productRefGroup = 44BFDACD1C333F7000C757FF /* Products */;
			projectDirPath = "";
			projectRoot = "";
			targets = (
				44BFDACB1C333F7000C757FF /* assignment3 */,
			);
		};
/* End PBXProject section */

/* Begin PBXResourcesBuildPhase section */
		44BFDACA1C333F7000C757FF /* Resources */ = {
			isa = PBXResourcesBuildPhase;
			buildActionMask = 2147483647;
			files = (
				44BFDADA1C333F7000C757FF /* LaunchScreen.storyboard in Resources */,
				44BFDAD71C333F7000C757FF /* Assets.xcassets in Resources */,
				44BFDAD51C333F7000C757FF /* Main.storyboard in Resources */,
			);
			runOnlyForDeploymentPostprocessing = 0;
		};
/* End PBXResourcesBuildPhase section */

/* Begin PBXSourcesBuildPhase section */
		44BFDAC81C333F7000C757FF /* Sources */ = {
			isa = PBXSourcesBuildPhase;
			buildActionMask = 2147483647;
			files = (
				44FA135B1C34C71E00989522 /* SecondViewController.swift in Sources */,
				44BFDAD21C333F7000C757FF /* ViewController.swift in Sources */,
				44BFDAE61C3351F000C757FF /* ThirdViewController.swift in Sources */,
				44BFDAD01C333F7000C757FF /* AppDelegate.swift in Sources */,
			);
			runOnlyForDeploymentPostprocessing = 0;
		};
/* End PBXSourcesBuildPhase section */

/* Begin PBXVariantGroup section */
		44BFDAD31C333F7000C757FF /* Main.storyboard */ = {
			isa = PBXVariantGroup;
			children = (
				44BFDAD41C333F7000C757FF /* Base */,
			);
			name = Main.storyboard;
			sourceTree = "<group>";
		};
		44BFDAD81C333F7000C757FF /* LaunchScreen.storyboard */ = {
			isa = PBXVariantGroup;
			children = (
				44BFDAD91C333F7000C757FF /* Base */,
			);
			name = LaunchScreen.storyboard;
			sourceTree = "<group>";
		};
/* End PBXVariantGroup section */

/* Begin XCBuildConfiguration section */
		44BFDADC1C333F7000C757FF /* Debug */ = {
			isa = XCBuildConfiguration;
			buildSettings = {
				ALWAYS_SEARCH_USER_PATHS = NO;
				CLANG_CXX_LANGUAGE_STANDARD = "gnu++0x";
				CLANG_CXX_LIBRARY = "libc++";
				CLANG_ENABLE_MODULES = YES;
				CLANG_ENABLE_OBJC_ARC = YES;
				CLANG_WARN_BOOL_CONVERSION = YES;
				CLANG_WARN_CONSTANT_CONVERSION = YES;
				CLANG_WARN_DIRECT_OBJC_ISA_USAGE = YES_ERROR;
				CLANG_WARN_EMPTY_BODY = YES;
				CLANG_WARN_ENUM_CONVERSION = YES;
				CLANG_WARN_INT_CONVERSION = YES;
				CLANG_WARN_OBJC_ROOT_CLASS = YES_ERROR;
				CLANG_WARN_UNREACHABLE_CODE = YES;
				CLANG_WARN__DUPLICATE_METHOD_MATCH = YES;
				"CODE_SIGN_IDENTITY[sdk=iphoneos*]" = "iPhone Developer";
				COPY_PHASE_STRIP = NO;
				DEBUG_INFORMATION_FORMAT = dwarf;
				ENABLE_STRICT_OBJC_MSGSEND = YES;
				ENABLE_TESTABILITY = YES;
				GCC_C_LANGUAGE_STANDARD = gnu99;
				GCC_DYNAMIC_NO_PIC = NO;
				GCC_NO_COMMON_BLOCKS = YES;
				GCC_OPTIMIZATION_LEVEL = 0;
				GCC_PREPROCESSOR_DEFINITIONS = (
					"DEBUG=1",
					"$(inherited)",
				);
				GCC_WARN_64_TO_32_BIT_CONVERSION = YES;
				GCC_WARN_ABOUT_RETURN_TYPE = YES_ERROR;
				GCC_WARN_UNDECLARED_SELECTOR = YES;
				GCC_WARN_UNINITIALIZED_AUTOS = YES_AGGRESSIVE;
				GCC_WARN_UNUSED_FUNCTION = YES;
				GCC_WARN_UNUSED_VARIABLE = YES;
				IPHONEOS_DEPLOYMENT_TARGET = 9.2;
				MTL_ENABLE_DEBUG_INFO = YES;
				ONLY_ACTIVE_ARCH = YES;
				SDKROOT = iphoneos;
				SWIFT_OPTIMIZATION_LEVEL = "-Onone";
				TARGETED_DEVICE_FAMILY = "1,2";
			};
			name = Debug;
		};
		44BFDADD1C333F7000C757FF /* Release */ = {
			isa = XCBuildConfiguration;
			buildSettings = {
				ALWAYS_SEARCH_USER_PATHS = NO;
				CLANG_CXX_LANGUAGE_STANDARD = "gnu++0x";
				CLANG_CXX_LIBRARY = "libc++";
				CLANG_ENABLE_MODULES = YES;
				CLANG_ENABLE_OBJC_ARC = YES;
				CLANG_WARN_BOOL_CONVERSION = YES;
				CLANG_WARN_CONSTANT_CONVERSION = YES;
				CLANG_WARN_DIRECT_OBJC_ISA_USAGE = YES_ERROR;
				CLANG_WARN_EMPTY_BODY = YES;
				CLANG_WARN_ENUM_CONVERSION = YES;
				CLANG_WARN_INT_CONVERSION = YES;
				CLANG_WARN_OBJC_ROOT_CLASS = YES_ERROR;
				CLANG_WARN_UNREACHABLE_CODE = YES;
				CLANG_WARN__DUPLICATE_METHOD_MATCH = YES;
				"CODE_SIGN_IDENTITY[sdk=iphoneos*]" = "iPhone Developer";
				COPY_PHASE_STRIP = NO;
				DEBUG_INFORMATION_FORMAT = "dwarf-with-dsym";
				ENABLE_NS_ASSERTIONS = NO;
				ENABLE_STRICT_OBJC_MSGSEND = YES;
				GCC_C_LANGUAGE_STANDARD = gnu99;
				GCC_NO_COMMON_BLOCKS = YES;
				GCC_WARN_64_TO_32_BIT_CONVERSION = YES;
				GCC_WARN_ABOUT_RETURN_TYPE = YES_ERROR;
				GCC_WARN_UNDECLARED_SELECTOR = YES;
				GCC_WARN_UNINITIALIZED_AUTOS = YES_AGGRESSIVE;
				GCC_WARN_UNUSED_FUNCTION = YES;
				GCC_WARN_UNUSED_VARIABLE = YES;
				IPHONEOS_DEPLOYMENT_TARGET = 9.2;
				MTL_ENABLE_DEBUG_INFO = NO;
				SDKROOT = iphoneos;
				TARGETED_DEVICE_FAMILY = "1,2";
				VALIDATE_PRODUCT = YES;
			};
			name = Release;
		};
		44BFDADF1C333F7000C757FF /* Debug */ = {
			isa = XCBuildConfiguration;
			buildSettings = {
				ASSETCATALOG_COMPILER_APPICON_NAME = AppIcon;
				INFOPLIST_FILE = assignment3/Info.plist;
				LD_RUNPATH_SEARCH_PATHS = "$(inherited) @executable_path/Frameworks";
				PRODUCT_BUNDLE_IDENTIFIER = helloworld.assignment3;
				PRODUCT_NAME = "$(TARGET_NAME)";
			};
			name = Debug;
		};
		44BFDAE01C333F7000C757FF /* Release */ = {
			isa = XCBuildConfiguration;
			buildSettings = {
				ASSETCATALOG_COMPILER_APPICON_NAME = AppIcon;
				INFOPLIST_FILE = assignment3/Info.plist;
				LD_RUNPATH_SEARCH_PATHS = "$(inherited) @executable_path/Frameworks";
				PRODUCT_BUNDLE_IDENTIFIER = helloworld.assignment3;
				PRODUCT_NAME = "$(TARGET_NAME)";
			};
			name = Release;
		};
/* End XCBuildConfiguration section */

/* Begin XCConfigurationList section */
		44BFDAC71C333F7000C757FF /* Build configuration list for PBXProject "assignment3" */ = {
			isa = XCConfigurationList;
			buildConfigurations = (
				44BFDADC1C333F7000C757FF /* Debug */,
				44BFDADD1C333F7000C757FF /* Release */,
			);
			defaultConfigurationIsVisible = 0;
			defaultConfigurationName = Release;
		};
		44BFDADE1C333F7000C757FF /* Build configuration list for PBXNativeTarget "assignment3" */ = {
			isa = XCConfigurationList;
			buildConfigurations = (
				44BFDADF1C333F7000C757FF /* Debug */,
				44BFDAE01C333F7000C757FF /* Release */,
			);
			defaultConfigurationIsVisible = 0;
			defaultConfigurationName = Release;
		};
/* End XCConfigurationList section */
	};
	rootObject = 44BFDAC41C333F7000C757FF /* Project object */;
}
